
Microsoft Visual Studio Solution File, Format Version 12.00
# Visual Studio Version 17
VisualStudioVersion = 17.5.33516.290
MinimumVisualStudioVersion = 10.0.40219.1
Project("{FAE04EC0-301F-11D3-BF4B-00C04F79EFBC}") = "к1", "к1\к1.csproj", "{CF388163-EFF4-459B-A8B5-D6EABF5C12CB}"
EndProject
Global
	GlobalSection(SolutionConfigurationPlatforms) = preSolution
		Debug|Any CPU = Debug|Any CPU
		Release|Any CPU = Release|Any CPU
	EndGlobalSection
	GlobalSection(ProjectConfigurationPlatforms) = postSolution
		{CF388163-EFF4-459B-A8B5-D6EABF5C12CB}.Debug|Any CPU.ActiveCfg = Debug|Any CPU
		{CF388163-EFF4-459B-A8B5-D6EABF5C12CB}.Debug|Any CPU.Build.0 = Debug|Any CPU
		{CF388163-EFF4-459B-A8B5-D6EABF5C12CB}.Release|Any CPU.ActiveCfg = Release|Any CPU
		{CF388163-EFF4-459B-A8B5-D6EABF5C12CB}.Release|Any CPU.Build.0 = Release|Any CPU
	EndGlobalSection
	GlobalSection(SolutionProperties) = preSolution
		HideSolutionNode = FALSE
	EndGlobalSection
	GlobalSection(ExtensibilityGlobals) = postSolution
		SolutionGuid = {311D9D78-6CBD-4922-839C-2FDD8329AF83}
	EndGlobalSection
EndGlobal
